
Microsoft Visual Studio Solution File, Format Version 12.00
# Visual Studio 14
VisualStudioVersion = 14.0.25123.0
MinimumVisualStudioVersion = 10.0.40219.1
Project("{FAE04EC0-301F-11D3-BF4B-00C04F79EFBC}") = "Bubble", "Bubble\Bubble.csproj", "{F9C6F4FB-65D8-498D-B886-2DD2B5644201}"
EndProject
Project("{FAE04EC0-301F-11D3-BF4B-00C04F79EFBC}") = "Insert", "Insert\Insert.csproj", "{A5E5B5CE-AE6A-4234-ADAB-F6A558B361EB}"
EndProject
Project("{FAE04EC0-301F-11D3-BF4B-00C04F79EFBC}") = "Selection", "Selection\Selection.csproj", "{9CE4C140-6C2E-4B23-95A4-CC896BEE1AE2}"
EndProject
Project("{FAE04EC0-301F-11D3-BF4B-00C04F79EFBC}") = "Merge", "Merge\Merge.csproj", "{D2FA7F32-41F2-48A5-A1DC-50D172340D7C}"
EndProject
Project("{FAE04EC0-301F-11D3-BF4B-00C04F79EFBC}") = "Quick", "Quick\Quick.csproj", "{16A471AF-B098-429E-A1C6-436802C0201D}"
EndProject
Global
	GlobalSection(SolutionConfigurationPlatforms) = preSolution
		Debug|Any CPU = Debug|Any CPU
		Release|Any CPU = Release|Any CPU
	EndGlobalSection
	GlobalSection(ProjectConfigurationPlatforms) = postSolution
		{F9C6F4FB-65D8-498D-B886-2DD2B5644201}.Debug|Any CPU.ActiveCfg = Debug|Any CPU
		{F9C6F4FB-65D8-498D-B886-2DD2B5644201}.Debug|Any CPU.Build.0 = Debug|Any CPU
		{F9C6F4FB-65D8-498D-B886-2DD2B5644201}.Release|Any CPU.ActiveCfg = Release|Any CPU
		{F9C6F4FB-65D8-498D-B886-2DD2B5644201}.Release|Any CPU.Build.0 = Release|Any CPU
		{A5E5B5CE-AE6A-4234-ADAB-F6A558B361EB}.Debug|Any CPU.ActiveCfg = Debug|Any CPU
		{A5E5B5CE-AE6A-4234-ADAB-F6A558B361EB}.Debug|Any CPU.Build.0 = Debug|Any CPU
		{A5E5B5CE-AE6A-4234-ADAB-F6A558B361EB}.Release|Any CPU.ActiveCfg = Release|Any CPU
		{A5E5B5CE-AE6A-4234-ADAB-F6A558B361EB}.Release|Any CPU.Build.0 = Release|Any CPU
		{9CE4C140-6C2E-4B23-95A4-CC896BEE1AE2}.Debug|Any CPU.ActiveCfg = Debug|Any CPU
		{9CE4C140-6C2E-4B23-95A4-CC896BEE1AE2}.Debug|Any CPU.Build.0 = Debug|Any CPU
		{9CE4C140-6C2E-4B23-95A4-CC896BEE1AE2}.Release|Any CPU.ActiveCfg = Release|Any CPU
		{9CE4C140-6C2E-4B23-95A4-CC896BEE1AE2}.Release|Any CPU.Build.0 = Release|Any CPU
		{D2FA7F32-41F2-48A5-A1DC-50D172340D7C}.Debug|Any CPU.ActiveCfg = Debug|Any CPU
		{D2FA7F32-41F2-48A5-A1DC-50D172340D7C}.Debug|Any CPU.Build.0 = Debug|Any CPU
		{D2FA7F32-41F2-48A5-A1DC-50D172340D7C}.Release|Any CPU.ActiveCfg = Release|Any CPU
		{D2FA7F32-41F2-48A5-A1DC-50D172340D7C}.Release|Any CPU.Build.0 = Release|Any CPU
		{16A471AF-B098-429E-A1C6-436802C0201D}.Debug|Any CPU.ActiveCfg = Debug|Any CPU
		{16A471AF-B098-429E-A1C6-436802C0201D}.Debug|Any CPU.Build.0 = Debug|Any CPU
		{16A471AF-B098-429E-A1C6-436802C0201D}.Release|Any CPU.ActiveCfg = Release|Any CPU
		{16A471AF-B098-429E-A1C6-436802C0201D}.Release|Any CPU.Build.0 = Release|Any CPU
	EndGlobalSection
	GlobalSection(SolutionProperties) = preSolution
		HideSolutionNode = FALSE
	EndGlobalSection
EndGlobal
